{
    "_meta": {
        "hash": {
            "sha256": "8281c508f701dd03c653da43cea84820a0e137a531495b6917ced45ee4744474"
        },
        "pipfile-spec": 6,
        "requires": {
            "python_version": "3.9"
        },
        "sources": [
            {
                "name": "pypi",
                "url": "https://pypi.org/simple",
                "verify_ssl": true
            }
        ]
    },
    "default": {
        "beckett": {
            "hashes": [
                "sha256:f04e9fe0521a39d685a8fd2cb3c828651b04eae2d13b4aa5cf94b1f450237189",
                "sha256:fa81900824cd19879f31ce3df6f4349764c77c8382f8d3100d47e9746e23afb6"
            ],
            "version": "==0.8.0"
        },
        "inflect": {
            "hashes": [
                "sha256:0e2358f4f46a54cca3d77b983fa3708b02dc83acd8d28466a67e88b72e5c1b34",
                "sha256:2014c8dcb2114ebae2941ba3f0fbd98a02c846792a7b72f2da31eb9aa431a818"
            ],
            "version": "==0.2.5"
        },
        "pokebase": {
            "hashes": [
                "sha256:1fab389df211f22d0987e8aae45d0d19b5db7b3eb0c92dca48283f74e9df4f70",
                "sha256:a5881566bfaa6f9a860b847be0a648f23b02babdaf79ab96f6a6d0295b497c34"
            ],
            "index": "pypi",
            "version": "==1.3.0"
        },
        "pokepy": {
            "hashes": [
                "sha256:545c8f1a9f81d433cfeeb7a6b3f1c611dd81b5d540f4f63d665b3f13c0be8ec7",
                "sha256:f430782e8aae63ea57a8a796bbefe454cb06a950397589fe2108bc71ff53a7ec"
            ],
            "index": "pypi",
            "version": "==0.4.0"
        },
        "ptable": {
            "hashes": [
                "sha256:aa7fc151cb40f2dabcd2275ba6f7fd0ff8577a86be3365cd3fb297cbe09cc292"
            ],
            "index": "pypi",
            "version": "==0.9.2"
        },
        "requests": {
            "hashes": [
                "sha256:09bc1b5f3a56cd8c48d433213a8cba51a67d12936568f73b5f1793fcb0c0979e",
                "sha256:63f1815788157130cee16a933b2ee184038e975f0017306d723ac326b5525b54"
            ],
            "markers": "python_version >= '2.7' and python_version not in '3.0, 3.1, 3.2, 3.3, 3.4, 3.5'",
            "version": "==2.10.0"
        },
        "six": {
            "hashes": [
                "sha256:0ff78c403d9bccf5a425a6d31a12aa6b47f1c21ca4dc2573a7e2f32a97335eb1",
                "sha256:105f8d68616f8248e24bf0e9372ef04d3cc10104f1980f54d57b2ce73a5ad56a"
            ],
            "version": "==1.10.0"
        }
    },
    "develop": {}
}
